[tools.bun]
version = "1.2.9"
backend = "core:bun"

[tools.bun.checksums]
"bun-darwin-aarch64.zip" = "sha256:bda96ffb68f8e5fd16d2b3443225ae5e26c8dbe790cbb35ddba261b7be280618"

[tools."cargo:selene"]
version = "0.28.0"
backend = "cargo:selene"

[tools.go]
version = "1.24.2"
backend = "core:go"

[tools."go:github.com/Zxilly/go-size-analyzer/cmd/gsa"]
version = "1.8.1"
backend = "go:github.com/Zxilly/go-size-analyzer/cmd/gsa"

[tools."go:github.com/boyter/dcd"]
version = "1.1.0"
backend = "go:github.com/boyter/dcd"

[tools."go:github.com/dhth/act3"]
version = "1.1.4"
backend = "go:github.com/dhth/act3"

[tools."go:github.com/idursun/jjui/cmd/jjui"]
version = "0.8.4"
backend = "go:github.com/idursun/jjui/cmd/jjui"

[tools."go:github.com/merschformann/gotz"]
version = "0.1.14"
backend = "go:github.com/merschformann/gotz"

[tools.hk]
version = "0.8.2"
backend = "aqua:jdx/hk"

[tools.hk.checksums]
"hk-aarch64-apple-darwin.tar.gz" = "sha256:210ac2d1818c148dbae33c0bad519a32df32a71b21a9e9436cf5114ecfcc629a"

[tools.lefthook]
version = "1.11.10"
backend = "aqua:evilmartians/lefthook"

[tools.lefthook.checksums]
"lefthook_1.11.10_MacOS_arm64.gz" = "sha256:9ae5c0e1f46555cbd35de0d43f94418597819ef8c4e1932026b1a16ba01f9189"

[tools.lua-language-server]
version = "3.14.0"
backend = "aqua:LuaLS/lua-language-server"

[tools.lua-language-server.checksums]
"lua-language-server-3.14.0-darwin-arm64.tar.gz" = "sha256:85d67a12fd6d58927b9d0670bce8f2d62b0da62442b6afbcce2db38c0bf82e0a"

[tools.node]
version = "23.11.0"
backend = "core:node"

[tools."npm:@anthropic-ai/claude-code"]
version = "0.2.74"
backend = "npm:@anthropic-ai/claude-code"

[tools."npm:bash-language-server"]
version = "5.6.0"
backend = "npm:bash-language-server"

[tools."npm:stylelint"]
version = "16.14.1"
backend = "npm:stylelint"

[tools."pipx:beautysh"]
version = "6.2.1"
backend = "pipx:beautysh"

[tools."pipx:black"]
version = "25.1.0"
backend = "pipx:black"

[tools."pipx:code2flow"]
version = "2.5.1"
backend = "pipx:code2flow"

[tools."pipx:copier"]
version = "9.6.0"
backend = "pipx:copier"

[tools."pipx:copier-template-tester"]
version = "2.2.0"
backend = "pipx:copier-template-tester"

[tools."pipx:extract-msg"]
version = "0.53.2"
backend = "pipx:extract-msg"

[tools."pipx:macnotesapp"]
version = "0.8.0"
backend = "pipx:macnotesapp"

[tools."pipx:mdformat"]
version = "0.7.22"
backend = "pipx:mdformat"

[tools."pipx:mypy-silent"]
version = "0.4.0"
backend = "pipx:mypy-silent"

[tools."pipx:poetry"]
version = "2.1.2"
backend = "pipx:poetry"

[tools."pipx:pre-commit"]
version = "4.2.0"
backend = "pipx:pre-commit"

[tools."pipx:pygments"]
version = "2.19.1"
backend = "pipx:pygments"

[tools."pipx:pylint"]
version = "3.3.6"
backend = "pipx:pylint"

[tools."pipx:pyright"]
version = "1.1.399"
backend = "pipx:pyright"

[tools."pipx:pytest-watcher"]
version = "0.4.3"
backend = "pipx:pytest-watcher"

[tools."pipx:ruff"]
version = "0.11.6"
backend = "pipx:ruff"

[tools."pipx:sqlfluff"]
version = "3.4.0"
backend = "pipx:sqlfluff"

[tools."pipx:tail-jsonl"]
version = "1.2.6"
backend = "pipx:tail-jsonl"

[tools."pipx:textract-py3"]
version = "2.1.1"
backend = "pipx:textract-py3"

[tools."pipx:toml-sort"]
version = "0.24.2"
backend = "pipx:toml-sort"

[tools."pipx:tox"]
version = "4.25.0"
backend = "pipx:tox"

[tools."pipx:trcli"]
version = "1.9.8"
backend = "pipx:trcli"

[tools."pipx:watchgha"]
version = "2.4.1"
backend = "pipx:watchgha"

[tools.pkl]
version = "0.28.2"
backend = "aqua:apple/pkl"

[tools.pkl.checksums]
pkl-macos-aarch64 = "sha256:452c75769d85c07714356f223a9d99a02bdc0bf360c0741765958e9aa080a50c"

[tools.python]
version = "3.13.3"
backend = "core:python"

[tools.shellcheck]
version = "0.10.0"
backend = "ubi:koalaman/shellcheck"

[tools.terraform]
version = "1.11.4"
backend = "aqua:hashicorp/terraform"

[tools.typos]
version = "1.31.1"
backend = "aqua:crate-ci/typos"

[tools.typos.checksums]
"typos-v1.31.1-aarch64-apple-darwin.tar.gz" = "sha256:a172195e1b1f1e011b3034913d1c87f0bbf0552a096b4ead0e3fa0620f4329cd"

[tools.watchexec]
version = "2.3.0"
backend = "ubi:watchexec/watchexec"

[tools.yq]
version = "4.45.1"
backend = "aqua:mikefarah/yq"
